
Microsoft Visual Studio Solution File, Format Version 12.00
# Visual Studio Version 17
VisualStudioVersion = 17.7.34003.232
MinimumVisualStudioVersion = 10.0.40219.1
Project("{9A19103F-16F7-4668-BE54-9A1E7A4F7556}") = "Configurator", "Configurator\Configurator.csproj", "{9D1CA9E1-8C14-4B87-9F9C-416FF70385B9}"
EndProject
Project("{9A19103F-16F7-4668-BE54-9A1E7A4F7556}") = "AutoArchiver", "AutoArchiver\AutoArchiver.csproj", "{88548CC9-B784-42CF-9576-192106972BAA}"
EndProject
Project("{FAE04EC0-301F-11D3-BF4B-00C04F79EFBC}") = "Shared", "Shared\Shared.csproj", "{BABA822C-5C85-4577-8AE6-5DD9E457C1D0}"
EndProject
Global
	GlobalSection(SolutionConfigurationPlatforms) = preSolution
		Debug|Any CPU = Debug|Any CPU
		Release|Any CPU = Release|Any CPU
	EndGlobalSection
	GlobalSection(ProjectConfigurationPlatforms) = postSolution
		{9D1CA9E1-8C14-4B87-9F9C-416FF70385B9}.Debug|Any CPU.ActiveCfg = Debug|Any CPU
		{9D1CA9E1-8C14-4B87-9F9C-416FF70385B9}.Debug|Any CPU.Build.0 = Debug|Any CPU
		{9D1CA9E1-8C14-4B87-9F9C-416FF70385B9}.Release|Any CPU.ActiveCfg = Release|Any CPU
		{9D1CA9E1-8C14-4B87-9F9C-416FF70385B9}.Release|Any CPU.Build.0 = Release|Any CPU
		{88548CC9-B784-42CF-9576-192106972BAA}.Debug|Any CPU.ActiveCfg = Debug|Any CPU
		{88548CC9-B784-42CF-9576-192106972BAA}.Debug|Any CPU.Build.0 = Debug|Any CPU
		{88548CC9-B784-42CF-9576-192106972BAA}.Release|Any CPU.ActiveCfg = Release|Any CPU
		{88548CC9-B784-42CF-9576-192106972BAA}.Release|Any CPU.Build.0 = Release|Any CPU
		{BABA822C-5C85-4577-8AE6-5DD9E457C1D0}.Debug|Any CPU.ActiveCfg = Debug|Any CPU
		{BABA822C-5C85-4577-8AE6-5DD9E457C1D0}.Debug|Any CPU.Build.0 = Debug|Any CPU
		{BABA822C-5C85-4577-8AE6-5DD9E457C1D0}.Release|Any CPU.ActiveCfg = Release|Any CPU
		{BABA822C-5C85-4577-8AE6-5DD9E457C1D0}.Release|Any CPU.Build.0 = Release|Any CPU
	EndGlobalSection
	GlobalSection(SolutionProperties) = preSolution
		HideSolutionNode = FALSE
	EndGlobalSection
	GlobalSection(ExtensibilityGlobals) = postSolution
		SolutionGuid = {2EDF2D79-703E-433D-B319-D765B548D092}
	EndGlobalSection
EndGlobal
